
Microsoft Visual Studio Solution File, Format Version 12.00
# Visual Studio Version 16
VisualStudioVersion = 16.0.30011.22
MinimumVisualStudioVersion = 10.0.40219.1
Project("{FAE04EC0-301F-11D3-BF4B-00C04F79EFBC}") = "NUnitTest_Kumaneva", "NUnitTest_Kumaneva\NUnitTest_Kumaneva.csproj", "{79467CF2-B2D3-4488-BC3D-7FE583E131FB}"
EndProject
Global
	GlobalSection(SolutionConfigurationPlatforms) = preSolution
		Debug|Any CPU = Debug|Any CPU
		Release|Any CPU = Release|Any CPU
	EndGlobalSection
	GlobalSection(ProjectConfigurationPlatforms) = postSolution
		{79467CF2-B2D3-4488-BC3D-7FE583E131FB}.Debug|Any CPU.ActiveCfg = Debug|Any CPU
		{79467CF2-B2D3-4488-BC3D-7FE583E131FB}.Debug|Any CPU.Build.0 = Debug|Any CPU
		{79467CF2-B2D3-4488-BC3D-7FE583E131FB}.Release|Any CPU.ActiveCfg = Release|Any CPU
		{79467CF2-B2D3-4488-BC3D-7FE583E131FB}.Release|Any CPU.Build.0 = Release|Any CPU
	EndGlobalSection
	GlobalSection(SolutionProperties) = preSolution
		HideSolutionNode = FALSE
	EndGlobalSection
	GlobalSection(ExtensibilityGlobals) = postSolution
		SolutionGuid = {4F1B335E-59C5-4CD9-ABFB-207BF6F05A70}
	EndGlobalSection
EndGlobal
